
Microsoft Visual Studio Solution File, Format Version 12.00
# Visual Studio Version 16
VisualStudioVersion = 16.0.30804.86
MinimumVisualStudioVersion = 10.0.40219.1
Project("{FAE04EC0-301F-11D3-BF4B-00C04F79EFBC}") = "Lab2-3_AaDS", "Lab2-3_AaDS.csproj", "{2C25838F-D988-4DA2-9F81-5D09CEA3AA0B}"
EndProject
Global
	GlobalSection(SolutionConfigurationPlatforms) = preSolution
		Debug|Any CPU = Debug|Any CPU
		Release|Any CPU = Release|Any CPU
	EndGlobalSection
	GlobalSection(ProjectConfigurationPlatforms) = postSolution
		{2C25838F-D988-4DA2-9F81-5D09CEA3AA0B}.Debug|Any CPU.ActiveCfg = Debug|Any CPU
		{2C25838F-D988-4DA2-9F81-5D09CEA3AA0B}.Debug|Any CPU.Build.0 = Debug|Any CPU
		{2C25838F-D988-4DA2-9F81-5D09CEA3AA0B}.Release|Any CPU.ActiveCfg = Release|Any CPU
		{2C25838F-D988-4DA2-9F81-5D09CEA3AA0B}.Release|Any CPU.Build.0 = Release|Any CPU
	EndGlobalSection
	GlobalSection(SolutionProperties) = preSolution
		HideSolutionNode = FALSE
	EndGlobalSection
	GlobalSection(ExtensibilityGlobals) = postSolution
		SolutionGuid = {3C4DFD6F-9AA9-4C33-A1D0-A6910D426B0C}
	EndGlobalSection
EndGlobal
