
Microsoft Visual Studio Solution File, Format Version 12.00
# Visual Studio Version 16
VisualStudioVersion = 16.0.30804.86
MinimumVisualStudioVersion = 10.0.40219.1
Project("{FAE04EC0-301F-11D3-BF4B-00C04F79EFBC}") = "NUnitTestProject1", "NUnitTestProject1.csproj", "{11AFFEBC-BFA7-4BE8-B1EB-EC24EBA0322B}"
EndProject
Global
	GlobalSection(SolutionConfigurationPlatforms) = preSolution
		Debug|Any CPU = Debug|Any CPU
		Release|Any CPU = Release|Any CPU
	EndGlobalSection
	GlobalSection(ProjectConfigurationPlatforms) = postSolution
		{11AFFEBC-BFA7-4BE8-B1EB-EC24EBA0322B}.Debug|Any CPU.ActiveCfg = Debug|Any CPU
		{11AFFEBC-BFA7-4BE8-B1EB-EC24EBA0322B}.Debug|Any CPU.Build.0 = Debug|Any CPU
		{11AFFEBC-BFA7-4BE8-B1EB-EC24EBA0322B}.Release|Any CPU.ActiveCfg = Release|Any CPU
		{11AFFEBC-BFA7-4BE8-B1EB-EC24EBA0322B}.Release|Any CPU.Build.0 = Release|Any CPU
	EndGlobalSection
	GlobalSection(SolutionProperties) = preSolution
		HideSolutionNode = FALSE
	EndGlobalSection
	GlobalSection(ExtensibilityGlobals) = postSolution
		SolutionGuid = {6F3A5417-0C8D-4CC7-9497-E47E46203C15}
	EndGlobalSection
EndGlobal
